
Microsoft Visual Studio Solution File, Format Version 12.00
# Visual Studio 15
VisualStudioVersion = 15.0.27130.2027
MinimumVisualStudioVersion = 10.0.40219.1
Project("{FAE04EC0-301F-11D3-BF4B-00C04F79EFBC}") = "DziennikTelefoniczny", "DziennikTelefoniczny\DziennikTelefoniczny.csproj", "{79D132B3-2CCD-477A-95C5-8600F354DA69}"
EndProject
Global
	GlobalSection(SolutionConfigurationPlatforms) = preSolution
		Debug|Any CPU = Debug|Any CPU
		Release|Any CPU = Release|Any CPU
	EndGlobalSection
	GlobalSection(ProjectConfigurationPlatforms) = postSolution
		{79D132B3-2CCD-477A-95C5-8600F354DA69}.Debug|Any CPU.ActiveCfg = Debug|Any CPU
		{79D132B3-2CCD-477A-95C5-8600F354DA69}.Debug|Any CPU.Build.0 = Debug|Any CPU
		{79D132B3-2CCD-477A-95C5-8600F354DA69}.Release|Any CPU.ActiveCfg = Release|Any CPU
		{79D132B3-2CCD-477A-95C5-8600F354DA69}.Release|Any CPU.Build.0 = Release|Any CPU
	EndGlobalSection
	GlobalSection(SolutionProperties) = preSolution
		HideSolutionNode = FALSE
	EndGlobalSection
	GlobalSection(ExtensibilityGlobals) = postSolution
		SolutionGuid = {0E68835D-798F-484B-83F4-5255200673CE}
	EndGlobalSection
EndGlobal
